// !$*UTF8*$!
{
	archiveVersion = 1;
	classes = {
	};
	objectVersion = 46;
	objects = {

/* Begin PBXBuildFile section */
		55570C7F1E5A0344008DA456 /* AppDelegate.swift in Sources */ = {isa = PBXBuildFile; fileRef = 55570C7E1E5A0344008DA456 /* AppDelegate.swift */; };
		55570C811E5A0344008DA456 /* MasterViewController.swift in Sources */ = {isa = PBXBuildFile; fileRef = 55570C801E5A0344008DA456 /* MasterViewController.swift */; };
		55570C831E5A0344008DA456 /* DetailViewController.swift in Sources */ = {isa = PBXBuildFile; fileRef = 55570C821E5A0344008DA456 /* DetailViewController.swift */; };
		55570C861E5A0344008DA456 /* Main.storyboard in Resources */ = {isa = PBXBuildFile; fileRef = 55570C841E5A0344008DA456 /* Main.storyboard */; };
		55570C881E5A0344008DA456 /* Assets.xcassets in Resources */ = {isa = PBXBuildFile; fileRef = 55570C871E5A0344008DA456 /* Assets.xcassets */; };
		55570C8B1E5A0344008DA456 /* LaunchScreen.storyboard in Resources */ = {isa = PBXBuildFile; fileRef = 55570C891E5A0344008DA456 /* LaunchScreen.storyboard */; };
		55570C931E5A04ED008DA456 /* TinyPixDocument.swift in Sources */ = {isa = PBXBuildFile; fileRef = 55570C921E5A04ED008DA456 /* TinyPixDocument.swift */; };
		55570C951E5A1941008DA456 /* TiyPixUtils.swift in Sources */ = {isa = PBXBuildFile; fileRef = 55570C941E5A1941008DA456 /* TiyPixUtils.swift */; };
		555D200D1E5C3F260005B818 /* TinyPixView.swift in Sources */ = {isa = PBXBuildFile; fileRef = 555D200C1E5C3F260005B818 /* TinyPixView.swift */; };
/* End PBXBuildFile section */

/* Begin PBXFileReference section */
		55570C7B1E5A0344008DA456 /* TinyPix.app */ = {isa = PBXFileReference; explicitFileType = wrapper.application; includeInIndex = 0; path = TinyPix.app; sourceTree = BUILT_PRODUCTS_DIR; };
		55570C7E1E5A0344008DA456 /* AppDelegate.swift */ = {isa = PBXFileReference; lastKnownFileType = sourcecode.swift; path = AppDelegate.swift; sourceTree = "<group>"; };
		55570C801E5A0344008DA456 /* MasterViewController.swift */ = {isa = PBXFileReference; lastKnownFileType = sourcecode.swift; path = MasterViewController.swift; sourceTree = "<group>"; };
		55570C821E5A0344008DA456 /* DetailViewController.swift */ = {isa = PBXFileReference; lastKnownFileType = sourcecode.swift; path = DetailViewController.swift; sourceTree = "<group>"; };
		55570C851E5A0344008DA456 /* Base */ = {isa = PBXFileReference; lastKnownFileType = file.storyboard; name = Base; path = Base.lproj/Main.storyboard; sourceTree = "<group>"; };
		55570C871E5A0344008DA456 /* Assets.xcassets */ = {isa = PBXFileReference; lastKnownFileType = folder.assetcatalog; path = Assets.xcassets; sourceTree = "<group>"; };
		55570C8A1E5A0344008DA456 /* Base */ = {isa = PBXFileReference; lastKnownFileType = file.storyboard; name = Base; path = Base.lproj/LaunchScreen.storyboard; sourceTree = "<group>"; };
		55570C8C1E5A0345008DA456 /* Info.plist */ = {isa = PBXFileReference; lastKnownFileType = text.plist.xml; path = Info.plist; sourceTree = "<group>"; };
		55570C921E5A04ED008DA456 /* TinyPixDocument.swift */ = {isa = PBXFileReference; fileEncoding = 4; lastKnownFileType = sourcecode.swift; path = TinyPixDocument.swift; sourceTree = "<group>"; };
		55570C941E5A1941008DA456 /* TiyPixUtils.swift */ = {isa = PBXFileReference; fileEncoding = 4; lastKnownFileType = sourcecode.swift; path = TiyPixUtils.swift; sourceTree = "<group>"; };
		555D200C1E5C3F260005B818 /* TinyPixView.swift */ = {isa = PBXFileReference; fileEncoding = 4; lastKnownFileType = sourcecode.swift; path = TinyPixView.swift; sourceTree = "<group>"; };
/* End PBXFileReference section */

/* Begin PBXFrameworksBuildPhase section */
		55570C781E5A0344008DA456 /* Frameworks */ = {
			isa = PBXFrameworksBuildPhase;
			buildActionMask = 2147483647;
			files = (
			);
			runOnlyForDeploymentPostprocessing = 0;
		};
/* End PBXFrameworksBuildPhase section */

/* Begin PBXGroup section */
		55570C721E5A0344008DA456 = {
			isa = PBXGroup;
			children = (
				55570C7D1E5A0344008DA456 /* TinyPix */,
				55570C7C1E5A0344008DA456 /* Products */,
			);
			sourceTree = "<group>";
		};
		55570C7C1E5A0344008DA456 /* Products */ = {
			isa = PBXGroup;
			children = (
				55570C7B1E5A0344008DA456 /* TinyPix.app */,
			);
			name = Products;
			sourceTree = "<group>";
		};
		55570C7D1E5A0344008DA456 /* TinyPix */ = {
			isa = PBXGroup;
			children = (
				55570C7E1E5A0344008DA456 /* AppDelegate.swift */,
				55570C801E5A0344008DA456 /* MasterViewController.swift */,
				55570C821E5A0344008DA456 /* DetailViewController.swift */,
				55570C841E5A0344008DA456 /* Main.storyboard */,
				55570C871E5A0344008DA456 /* Assets.xcassets */,
				55570C891E5A0344008DA456 /* LaunchScreen.storyboard */,
				55570C8C1E5A0345008DA456 /* Info.plist */,
				55570C921E5A04ED008DA456 /* TinyPixDocument.swift */,
				55570C941E5A1941008DA456 /* TiyPixUtils.swift */,
				555D200C1E5C3F260005B818 /* TinyPixView.swift */,
			);
			path = TinyPix;
			sourceTree = "<group>";
		};
/* End PBXGroup section */

/* Begin PBXNativeTarget section */
		55570C7A1E5A0344008DA456 /* TinyPix */ = {
			isa = PBXNativeTarget;
			buildConfigurationList = 55570C8F1E5A0345008DA456 /* Build configuration list for PBXNativeTarget "TinyPix" */;
			buildPhases = (
				55570C771E5A0344008DA456 /* Sources */,
				55570C781E5A0344008DA456 /* Frameworks */,
				55570C791E5A0344008DA456 /* Resources */,
			);
			buildRules = (
			);
			dependencies = (
			);
			name = TinyPix;
			productName = TinyPix;
			productReference = 55570C7B1E5A0344008DA456 /* TinyPix.app */;
			productType = "com.apple.product-type.application";
		};
/* End PBXNativeTarget section */

/* Begin PBXProject section */
		55570C731E5A0344008DA456 /* Project object */ = {
			isa = PBXProject;
			attributes = {
				LastSwiftUpdateCheck = 0820;
				LastUpgradeCheck = 0820;
				ORGANIZATIONNAME = andrey;
				TargetAttributes = {
					55570C7A1E5A0344008DA456 = {
						CreatedOnToolsVersion = 8.2.1;
						DevelopmentTeam = A3W85372EM;
						ProvisioningStyle = Automatic;
					};
				};
			};
			buildConfigurationList = 55570C761E5A0344008DA456 /* Build configuration list for PBXProject "TinyPix" */;
			compatibilityVersion = "Xcode 3.2";
			developmentRegion = English;
			hasScannedForEncodings = 0;
			knownRegions = (
				en,
				Base,
			);
			mainGroup = 55570C721E5A0344008DA456;
			productRefGroup = 55570C7C1E5A0344008DA456 /* Products */;
			projectDirPath = "";
			projectRoot = "";
			targets = (
				55570C7A1E5A0344008DA456 /* TinyPix */,
			);
		};
/* End PBXProject section */

/* Begin PBXResourcesBuildPhase section */
		55570C791E5A0344008DA456 /* Resources */ = {
			isa = PBXResourcesBuildPhase;
			buildActionMask = 2147483647;
			files = (
				55570C8B1E5A0344008DA456 /* LaunchScreen.storyboard in Resources */,
				55570C881E5A0344008DA456 /* Assets.xcassets in Resources */,
				55570C861E5A0344008DA456 /* Main.storyboard in Resources */,
			);
			runOnlyForDeploymentPostprocessing = 0;
		};
/* End PBXResourcesBuildPhase section */

/* Begin PBXSourcesBuildPhase section */
		55570C771E5A0344008DA456 /* Sources */ = {
			isa = PBXSourcesBuildPhase;
			buildActionMask = 2147483647;
			files = (
				55570C931E5A04ED008DA456 /* TinyPixDocument.swift in Sources */,
				55570C831E5A0344008DA456 /* DetailViewController.swift in Sources */,
				555D200D1E5C3F260005B818 /* TinyPixView.swift in Sources */,
				55570C811E5A0344008DA456 /* MasterViewController.swift in Sources */,
				55570C951E5A1941008DA456 /* TiyPixUtils.swift in Sources */,
				55570C7F1E5A0344008DA456 /* AppDelegate.swift in Sources */,
			);
			runOnlyForDeploymentPostprocessing = 0;
		};
/* End PBXSourcesBuildPhase section */

/* Begin PBXVariantGroup section */
		55570C841E5A0344008DA456 /* Main.storyboard */ = {
			isa = PBXVariantGroup;
			children = (
				55570C851E5A0344008DA456 /* Base */,
			);
			name = Main.storyboard;
			sourceTree = "<group>";
		};
		55570C891E5A0344008DA456 /* LaunchScreen.storyboard */ = {
			isa = PBXVariantGroup;
			children = (
				55570C8A1E5A0344008DA456 /* Base */,
			);
			name = LaunchScreen.storyboard;
			sourceTree = "<group>";
		};
/* End PBXVariantGroup section */

/* Begin XCBuildConfiguration section */
		55570C8D1E5A0345008DA456 /* Debug */ = {
			isa = XCBuildConfiguration;
			buildSettings = {
				ALWAYS_SEARCH_USER_PATHS = NO;
				CLANG_ANALYZER_NONNULL = YES;
				CLANG_CXX_LANGUAGE_STANDARD = "gnu++0x";
				CLANG_CXX_LIBRARY = "libc++";
				CLANG_ENABLE_MODULES = YES;
				CLANG_ENABLE_OBJC_ARC = YES;
				CLANG_WARN_BOOL_CONVERSION = YES;
				CLANG_WARN_CONSTANT_CONVERSION = YES;
				CLANG_WARN_DIRECT_OBJC_ISA_USAGE = YES_ERROR;
				CLANG_WARN_DOCUMENTATION_COMMENTS = YES;
				CLANG_WARN_EMPTY_BODY = YES;
				CLANG_WARN_ENUM_CONVERSION = YES;
				CLANG_WARN_INFINITE_RECURSION = YES;
				CLANG_WARN_INT_CONVERSION = YES;
				CLANG_WARN_OBJC_ROOT_CLASS = YES_ERROR;
				CLANG_WARN_SUSPICIOUS_MOVE = YES;
				CLANG_WARN_UNREACHABLE_CODE = YES;
				CLANG_WARN__DUPLICATE_METHOD_MATCH = YES;
				"CODE_SIGN_IDENTITY[sdk=iphoneos*]" = "iPhone Developer";
				COPY_PHASE_STRIP = NO;
				DEBUG_INFORMATION_FORMAT = dwarf;
				ENABLE_STRICT_OBJC_MSGSEND = YES;
				ENABLE_TESTABILITY = YES;
				GCC_C_LANGUAGE_STANDARD = gnu99;
				GCC_DYNAMIC_NO_PIC = NO;
				GCC_NO_COMMON_BLOCKS = YES;
				GCC_OPTIMIZATION_LEVEL = 0;
				GCC_PREPROCESSOR_DEFINITIONS = (
					"DEBUG=1",
					"$(inherited)",
				);
				GCC_WARN_64_TO_32_BIT_CONVERSION = YES;
				GCC_WARN_ABOUT_RETURN_TYPE = YES_ERROR;
				GCC_WARN_UNDECLARED_SELECTOR = YES;
				GCC_WARN_UNINITIALIZED_AUTOS = YES_AGGRESSIVE;
				GCC_WARN_UNUSED_FUNCTION = YES;
				GCC_WARN_UNUSED_VARIABLE = YES;
				IPHONEOS_DEPLOYMENT_TARGET = 10.2;
				MTL_ENABLE_DEBUG_INFO = YES;
				ONLY_ACTIVE_ARCH = YES;
				SDKROOT = iphoneos;
				SWIFT_ACTIVE_COMPILATION_CONDITIONS = DEBUG;
				SWIFT_OPTIMIZATION_LEVEL = "-Onone";
				TARGETED_DEVICE_FAMILY = "1,2";
			};
			name = Debug;
		};
		55570C8E1E5A0345008DA456 /* Release */ = {
			isa = XCBuildConfiguration;
			buildSettings = {
				ALWAYS_SEARCH_USER_PATHS = NO;
				CLANG_ANALYZER_NONNULL = YES;
				CLANG_CXX_LANGUAGE_STANDARD = "gnu++0x";
				CLANG_CXX_LIBRARY = "libc++";
				CLANG_ENABLE_MODULES = YES;
				CLANG_ENABLE_OBJC_ARC = YES;
				CLANG_WARN_BOOL_CONVERSION = YES;
				CLANG_WARN_CONSTANT_CONVERSION = YES;
				CLANG_WARN_DIRECT_OBJC_ISA_USAGE = YES_ERROR;
				CLANG_WARN_DOCUMENTATION_COMMENTS = YES;
				CLANG_WARN_EMPTY_BODY = YES;
				CLANG_WARN_ENUM_CONVERSION = YES;
				CLANG_WARN_INFINITE_RECURSION = YES;
				CLANG_WARN_INT_CONVERSION = YES;
				CLANG_WARN_OBJC_ROOT_CLASS = YES_ERROR;
				CLANG_WARN_SUSPICIOUS_MOVE = YES;
				CLANG_WARN_UNREACHABLE_CODE = YES;
				CLANG_WARN__DUPLICATE_METHOD_MATCH = YES;
				"CODE_SIGN_IDENTITY[sdk=iphoneos*]" = "iPhone Developer";
				COPY_PHASE_STRIP = NO;
				DEBUG_INFORMATION_FORMAT = "dwarf-with-dsym";
				ENABLE_NS_ASSERTIONS = NO;
				ENABLE_STRICT_OBJC_MSGSEND = YES;
				GCC_C_LANGUAGE_STANDARD = gnu99;
				GCC_NO_COMMON_BLOCKS = YES;
				GCC_WARN_64_TO_32_BIT_CONVERSION = YES;
				GCC_WARN_ABOUT_RETURN_TYPE = YES_ERROR;
				GCC_WARN_UNDECLARED_SELECTOR = YES;
				GCC_WARN_UNINITIALIZED_AUTOS = YES_AGGRESSIVE;
				GCC_WARN_UNUSED_FUNCTION = YES;
				GCC_WARN_UNUSED_VARIABLE = YES;
				IPHONEOS_DEPLOYMENT_TARGET = 10.2;
				MTL_ENABLE_DEBUG_INFO = NO;
				SDKROOT = iphoneos;
				SWIFT_OPTIMIZATION_LEVEL = "-Owholemodule";
				TARGETED_DEVICE_FAMILY = "1,2";
				VALIDATE_PRODUCT = YES;
			};
			name = Release;
		};
		55570C901E5A0345008DA456 /* Debug */ = {
			isa = XCBuildConfiguration;
			buildSettings = {
				ASSETCATALOG_COMPILER_APPICON_NAME = AppIcon;
				DEVELOPMENT_TEAM = A3W85372EM;
				INFOPLIST_FILE = TinyPix/Info.plist;
				LD_RUNPATH_SEARCH_PATHS = "$(inherited) @executable_path/Frameworks";
				PRODUCT_BUNDLE_IDENTIFIER = com.andrey.TinyPix;
				PRODUCT_NAME = "$(TARGET_NAME)";
				SWIFT_VERSION = 3.0;
			};
			name = Debug;
		};
		55570C911E5A0345008DA456 /* Release */ = {
			isa = XCBuildConfiguration;
			buildSettings = {
				ASSETCATALOG_COMPILER_APPICON_NAME = AppIcon;
				DEVELOPMENT_TEAM = A3W85372EM;
				INFOPLIST_FILE = TinyPix/Info.plist;
				LD_RUNPATH_SEARCH_PATHS = "$(inherited) @executable_path/Frameworks";
				PRODUCT_BUNDLE_IDENTIFIER = com.andrey.TinyPix;
				PRODUCT_NAME = "$(TARGET_NAME)";
				SWIFT_VERSION = 3.0;
			};
			name = Release;
		};
/* End XCBuildConfiguration section */

/* Begin XCConfigurationList section */
		55570C761E5A0344008DA456 /* Build configuration list for PBXProject "TinyPix" */ = {
			isa = XCConfigurationList;
			buildConfigurations = (
				55570C8D1E5A0345008DA456 /* Debug */,
				55570C8E1E5A0345008DA456 /* Release */,
			);
			defaultConfigurationIsVisible = 0;
			defaultConfigurationName = Release;
		};
		55570C8F1E5A0345008DA456 /* Build configuration list for PBXNativeTarget "TinyPix" */ = {
			isa = XCConfigurationList;
			buildConfigurations = (
				55570C901E5A0345008DA456 /* Debug */,
				55570C911E5A0345008DA456 /* Release */,
			);
			defaultConfigurationIsVisible = 0;
			defaultConfigurationName = Release;
		};
/* End XCConfigurationList section */
	};
	rootObject = 55570C731E5A0344008DA456 /* Project object */;
}
