// !$*UTF8*$!
{
	archiveVersion = 1;
	classes = {
	};
	objectVersion = 46;
	objects = {

/* Begin PBXBuildFile section */
		C4DC98BD193EDBD500002A4C /* AppDelegate.swift in Sources */ = {isa = PBXBuildFile; fileRef = C4DC98BC193EDBD500002A4C /* AppDelegate.swift */; };
		C4DC98BF193EDBD500002A4C /* Images.xcassets in Resources */ = {isa = PBXBuildFile; fileRef = C4DC98BE193EDBD500002A4C /* Images.xcassets */; };
		C4DC98E3193EDD9500002A4C /* FacebookSDK.framework in Frameworks */ = {isa = PBXBuildFile; fileRef = C4DC98E2193EDD9500002A4C /* FacebookSDK.framework */; };
		C4DC98E9193EE0A000002A4C /* LoginViewController.swift in Sources */ = {isa = PBXBuildFile; fileRef = C4DC98E7193EE0A000002A4C /* LoginViewController.swift */; };
		C4DC98EC193EE0D700002A4C /* LoginViewController.xib in Resources */ = {isa = PBXBuildFile; fileRef = C4DC98EB193EE0D700002A4C /* LoginViewController.xib */; };
/* End PBXBuildFile section */

/* Begin PBXFileReference section */
		C4DC98B7193EDBD500002A4C /* FBSwiftLoginExample.app */ = {isa = PBXFileReference; explicitFileType = wrapper.application; includeInIndex = 0; path = FBSwiftLoginExample.app; sourceTree = BUILT_PRODUCTS_DIR; };
		C4DC98BB193EDBD500002A4C /* Info.plist */ = {isa = PBXFileReference; lastKnownFileType = text.plist.xml; path = Info.plist; sourceTree = "<group>"; };
		C4DC98BC193EDBD500002A4C /* AppDelegate.swift */ = {isa = PBXFileReference; lastKnownFileType = sourcecode.swift; path = AppDelegate.swift; sourceTree = "<group>"; };
		C4DC98BE193EDBD500002A4C /* Images.xcassets */ = {isa = PBXFileReference; lastKnownFileType = folder.assetcatalog; path = Images.xcassets; sourceTree = "<group>"; };
		C4DC98DA193EDCE700002A4C /* Swift.h */ = {isa = PBXFileReference; lastKnownFileType = sourcecode.c.h; path = Swift.h; sourceTree = "<group>"; };
		C4DC98E2193EDD9500002A4C /* FacebookSDK.framework */ = {isa = PBXFileReference; lastKnownFileType = wrapper.framework; name = FacebookSDK.framework; path = Frameworks/FacebookSDK.framework; sourceTree = "<group>"; };
		C4DC98E7193EE0A000002A4C /* LoginViewController.swift */ = {isa = PBXFileReference; fileEncoding = 4; lastKnownFileType = sourcecode.swift; path = LoginViewController.swift; sourceTree = "<group>"; };
		C4DC98EB193EE0D700002A4C /* LoginViewController.xib */ = {isa = PBXFileReference; fileEncoding = 4; lastKnownFileType = file.xib; path = LoginViewController.xib; sourceTree = "<group>"; };
/* End PBXFileReference section */

/* Begin PBXFrameworksBuildPhase section */
		C4DC98B4193EDBD500002A4C /* Frameworks */ = {
			isa = PBXFrameworksBuildPhase;
			buildActionMask = 2147483647;
			files = (
				C4DC98E3193EDD9500002A4C /* FacebookSDK.framework in Frameworks */,
			);
			runOnlyForDeploymentPostprocessing = 0;
		};
/* End PBXFrameworksBuildPhase section */

/* Begin PBXGroup section */
		C4DC98AE193EDBD500002A4C = {
			isa = PBXGroup;
			children = (
				C4DC98B9193EDBD500002A4C /* FBSwiftLoginExample */,
				C4DC98BA193EDBD500002A4C /* Supporting Files */,
				C4DC98B8193EDBD500002A4C /* Products */,
				C4DC98E4193EDDA100002A4C /* Frameworks */,
			);
			sourceTree = "<group>";
		};
		C4DC98B8193EDBD500002A4C /* Products */ = {
			isa = PBXGroup;
			children = (
				C4DC98B7193EDBD500002A4C /* FBSwiftLoginExample.app */,
			);
			name = Products;
			sourceTree = "<group>";
		};
		C4DC98B9193EDBD500002A4C /* FBSwiftLoginExample */ = {
			isa = PBXGroup;
			children = (
				C4DC98BC193EDBD500002A4C /* AppDelegate.swift */,
				C4DC98E7193EE0A000002A4C /* LoginViewController.swift */,
				C4DC98EB193EE0D700002A4C /* LoginViewController.xib */,
			);
			path = FBSwiftLoginExample;
			sourceTree = "<group>";
		};
		C4DC98BA193EDBD500002A4C /* Supporting Files */ = {
			isa = PBXGroup;
			children = (
				C4DC98BE193EDBD500002A4C /* Images.xcassets */,
				C4DC98BB193EDBD500002A4C /* Info.plist */,
				C4DC98DA193EDCE700002A4C /* Swift.h */,
			);
			path = "Supporting Files";
			sourceTree = "<group>";
		};
		C4DC98E4193EDDA100002A4C /* Frameworks */ = {
			isa = PBXGroup;
			children = (
				C4DC98E2193EDD9500002A4C /* FacebookSDK.framework */,
			);
			name = Frameworks;
			sourceTree = "<group>";
		};
/* End PBXGroup section */

/* Begin PBXNativeTarget section */
		C4DC98B6193EDBD500002A4C /* FBSwiftLoginExample */ = {
			isa = PBXNativeTarget;
			buildConfigurationList = C4DC98CE193EDBD500002A4C /* Build configuration list for PBXNativeTarget "FBSwiftLoginExample" */;
			buildPhases = (
				C4DC98B3193EDBD500002A4C /* Sources */,
				C4DC98B4193EDBD500002A4C /* Frameworks */,
				C4DC98B5193EDBD500002A4C /* Resources */,
			);
			buildRules = (
			);
			dependencies = (
			);
			name = FBSwiftLoginExample;
			productName = FBSwiftLoginExample;
			productReference = C4DC98B7193EDBD500002A4C /* FBSwiftLoginExample.app */;
			productType = "com.apple.product-type.application";
		};
/* End PBXNativeTarget section */

/* Begin PBXProject section */
		C4DC98AF193EDBD500002A4C /* Project object */ = {
			isa = PBXProject;
			attributes = {
				LastUpgradeCheck = 0600;
				TargetAttributes = {
					C4DC98B6193EDBD500002A4C = {
						CreatedOnToolsVersion = 6.0;
					};
				};
			};
			buildConfigurationList = C4DC98B2193EDBD500002A4C /* Build configuration list for PBXProject "FBSwiftLoginExample" */;
			compatibilityVersion = "Xcode 3.2";
			developmentRegion = English;
			hasScannedForEncodings = 0;
			knownRegions = (
				en,
			);
			mainGroup = C4DC98AE193EDBD500002A4C;
			productRefGroup = C4DC98B8193EDBD500002A4C /* Products */;
			projectDirPath = "";
			projectRoot = "";
			targets = (
				C4DC98B6193EDBD500002A4C /* FBSwiftLoginExample */,
			);
		};
/* End PBXProject section */

/* Begin PBXResourcesBuildPhase section */
		C4DC98B5193EDBD500002A4C /* Resources */ = {
			isa = PBXResourcesBuildPhase;
			buildActionMask = 2147483647;
			files = (
				C4DC98EC193EE0D700002A4C /* LoginViewController.xib in Resources */,
				C4DC98BF193EDBD500002A4C /* Images.xcassets in Resources */,
			);
			runOnlyForDeploymentPostprocessing = 0;
		};
/* End PBXResourcesBuildPhase section */

/* Begin PBXSourcesBuildPhase section */
		C4DC98B3193EDBD500002A4C /* Sources */ = {
			isa = PBXSourcesBuildPhase;
			buildActionMask = 2147483647;
			files = (
				C4DC98E9193EE0A000002A4C /* LoginViewController.swift in Sources */,
				C4DC98BD193EDBD500002A4C /* AppDelegate.swift in Sources */,
			);
			runOnlyForDeploymentPostprocessing = 0;
		};
/* End PBXSourcesBuildPhase section */

/* Begin XCBuildConfiguration section */
		C4DC98CC193EDBD500002A4C /* Debug */ = {
			isa = XCBuildConfiguration;
			buildSettings = {
				ALWAYS_SEARCH_USER_PATHS = NO;
				CLANG_CXX_LANGUAGE_STANDARD = "gnu++0x";
				CLANG_CXX_LIBRARY = "libc++";
				CLANG_ENABLE_MODULES = YES;
				CLANG_ENABLE_OBJC_ARC = YES;
				CLANG_WARN_BOOL_CONVERSION = YES;
				CLANG_WARN_CONSTANT_CONVERSION = YES;
				CLANG_WARN_DIRECT_OBJC_ISA_USAGE = YES_ERROR;
				CLANG_WARN_EMPTY_BODY = YES;
				CLANG_WARN_ENUM_CONVERSION = YES;
				CLANG_WARN_INT_CONVERSION = YES;
				CLANG_WARN_OBJC_ROOT_CLASS = YES_ERROR;
				CLANG_WARN_UNREACHABLE_CODE = YES;
				CLANG_WARN__DUPLICATE_METHOD_MATCH = YES;
				"CODE_SIGN_IDENTITY[sdk=iphoneos*]" = "iPhone Developer";
				COPY_PHASE_STRIP = NO;
				ENABLE_STRICT_OBJC_MSGSEND = YES;
				GCC_C_LANGUAGE_STANDARD = gnu99;
				GCC_DYNAMIC_NO_PIC = NO;
				GCC_OPTIMIZATION_LEVEL = 0;
				GCC_PREPROCESSOR_DEFINITIONS = (
					"DEBUG=1",
					"$(inherited)",
				);
				GCC_SYMBOLS_PRIVATE_EXTERN = NO;
				GCC_WARN_64_TO_32_BIT_CONVERSION = YES;
				GCC_WARN_ABOUT_RETURN_TYPE = YES_ERROR;
				GCC_WARN_UNDECLARED_SELECTOR = YES;
				GCC_WARN_UNINITIALIZED_AUTOS = YES_AGGRESSIVE;
				GCC_WARN_UNUSED_FUNCTION = YES;
				GCC_WARN_UNUSED_VARIABLE = YES;
				IPHONEOS_DEPLOYMENT_TARGET = 8.0;
				METAL_ENABLE_DEBUG_INFO = YES;
				ONLY_ACTIVE_ARCH = YES;
				SDKROOT = iphoneos;
				SWIFT_OPTIMIZATION_LEVEL = "-Onone";
			};
			name = Debug;
		};
		C4DC98CD193EDBD500002A4C /* Release */ = {
			isa = XCBuildConfiguration;
			buildSettings = {
				ALWAYS_SEARCH_USER_PATHS = NO;
				CLANG_CXX_LANGUAGE_STANDARD = "gnu++0x";
				CLANG_CXX_LIBRARY = "libc++";
				CLANG_ENABLE_MODULES = YES;
				CLANG_ENABLE_OBJC_ARC = YES;
				CLANG_WARN_BOOL_CONVERSION = YES;
				CLANG_WARN_CONSTANT_CONVERSION = YES;
				CLANG_WARN_DIRECT_OBJC_ISA_USAGE = YES_ERROR;
				CLANG_WARN_EMPTY_BODY = YES;
				CLANG_WARN_ENUM_CONVERSION = YES;
				CLANG_WARN_INT_CONVERSION = YES;
				CLANG_WARN_OBJC_ROOT_CLASS = YES_ERROR;
				CLANG_WARN_UNREACHABLE_CODE = YES;
				CLANG_WARN__DUPLICATE_METHOD_MATCH = YES;
				"CODE_SIGN_IDENTITY[sdk=iphoneos*]" = "iPhone Developer";
				COPY_PHASE_STRIP = YES;
				ENABLE_NS_ASSERTIONS = NO;
				ENABLE_STRICT_OBJC_MSGSEND = YES;
				GCC_C_LANGUAGE_STANDARD = gnu99;
				GCC_WARN_64_TO_32_BIT_CONVERSION = YES;
				GCC_WARN_ABOUT_RETURN_TYPE = YES_ERROR;
				GCC_WARN_UNDECLARED_SELECTOR = YES;
				GCC_WARN_UNINITIALIZED_AUTOS = YES_AGGRESSIVE;
				GCC_WARN_UNUSED_FUNCTION = YES;
				GCC_WARN_UNUSED_VARIABLE = YES;
				IPHONEOS_DEPLOYMENT_TARGET = 8.0;
				METAL_ENABLE_DEBUG_INFO = NO;
				SDKROOT = iphoneos;
				VALIDATE_PRODUCT = YES;
			};
			name = Release;
		};
		C4DC98CF193EDBD500002A4C /* Debug */ = {
			isa = XCBuildConfiguration;
			buildSettings = {
				ASSETCATALOG_COMPILER_APPICON_NAME = AppIcon;
				ASSETCATALOG_COMPILER_LAUNCHIMAGE_NAME = LaunchImage;
				DEFINES_MODULE = YES;
				FRAMEWORK_SEARCH_PATHS = (
					"$(inherited)",
					"$(PROJECT_DIR)/Frameworks",
				);
				INFOPLIST_FILE = "Supporting Files/Info.plist";
				LD_RUNPATH_SEARCH_PATHS = "$(inherited) @executable_path/Frameworks";
				PRODUCT_NAME = "$(TARGET_NAME)";
				SWIFT_OBJC_BRIDGING_HEADER = "Supporting Files/Swift.h";
			};
			name = Debug;
		};
		C4DC98D0193EDBD500002A4C /* Release */ = {
			isa = XCBuildConfiguration;
			buildSettings = {
				ASSETCATALOG_COMPILER_APPICON_NAME = AppIcon;
				ASSETCATALOG_COMPILER_LAUNCHIMAGE_NAME = LaunchImage;
				DEFINES_MODULE = YES;
				FRAMEWORK_SEARCH_PATHS = (
					"$(inherited)",
					"$(PROJECT_DIR)/Frameworks",
				);
				INFOPLIST_FILE = "Supporting Files/Info.plist";
				LD_RUNPATH_SEARCH_PATHS = "$(inherited) @executable_path/Frameworks";
				PRODUCT_NAME = "$(TARGET_NAME)";
				SWIFT_OBJC_BRIDGING_HEADER = "Supporting Files/Swift.h";
			};
			name = Release;
		};
/* End XCBuildConfiguration section */

/* Begin XCConfigurationList section */
		C4DC98B2193EDBD500002A4C /* Build configuration list for PBXProject "FBSwiftLoginExample" */ = {
			isa = XCConfigurationList;
			buildConfigurations = (
				C4DC98CC193EDBD500002A4C /* Debug */,
				C4DC98CD193EDBD500002A4C /* Release */,
			);
			defaultConfigurationIsVisible = 0;
			defaultConfigurationName = Release;
		};
		C4DC98CE193EDBD500002A4C /* Build configuration list for PBXNativeTarget "FBSwiftLoginExample" */ = {
			isa = XCConfigurationList;
			buildConfigurations = (
				C4DC98CF193EDBD500002A4C /* Debug */,
				C4DC98D0193EDBD500002A4C /* Release */,
			);
			defaultConfigurationIsVisible = 0;
			defaultConfigurationName = Release;
		};
/* End XCConfigurationList section */
	};
	rootObject = C4DC98AF193EDBD500002A4C /* Project object */;
}
